// !$*UTF8*$!
{
	archiveVersion = 1;
	classes = {
	};
	objectVersion = 46;
	objects = {

/* Begin PBXBuildFile section */
		AA5B3E691C6662010090501F /* AppViewController.m in Sources */ = {isa = PBXBuildFile; fileRef = AA5B3E681C6662010090501F /* AppViewController.m */; };
		AA7608F11C662B1600A512BD /* main.m in Sources */ = {isa = PBXBuildFile; fileRef = AA7608F01C662B1600A512BD /* main.m */; };
		AA7608F41C662B1600A512BD /* AppDelegate.m in Sources */ = {isa = PBXBuildFile; fileRef = AA7608F31C662B1600A512BD /* AppDelegate.m */; };
		AA7608F71C662B1600A512BD /* LoginViewController.m in Sources */ = {isa = PBXBuildFile; fileRef = AA7608F61C662B1600A512BD /* LoginViewController.m */; };
		AA7608FA1C662B1600A512BD /* Main.storyboard in Resources */ = {isa = PBXBuildFile; fileRef = AA7608F81C662B1600A512BD /* Main.storyboard */; };
		AA7608FC1C662B1600A512BD /* Assets.xcassets in Resources */ = {isa = PBXBuildFile; fileRef = AA7608FB1C662B1600A512BD /* Assets.xcassets */; };
		AA7608FF1C662B1600A512BD /* LaunchScreen.storyboard in Resources */ = {isa = PBXBuildFile; fileRef = AA7608FD1C662B1600A512BD /* LaunchScreen.storyboard */; };
		AA7609081C66342800A512BD /* NetManager.m in Sources */ = {isa = PBXBuildFile; fileRef = AA7609071C66342800A512BD /* NetManager.m */; };
		E5897F0D1C6F52B800446B7A /* libMBProgressHUD.a in Frameworks */ = {isa = PBXBuildFile; fileRef = E5897F061C6F522900446B7A /* libMBProgressHUD.a */; };
		E5897F101C6FADD000446B7A /* TableViewController.m in Sources */ = {isa = PBXBuildFile; fileRef = E5897F0F1C6FADD000446B7A /* TableViewController.m */; };
/* End PBXBuildFile section */

/* Begin PBXContainerItemProxy section */
		E5897F051C6F522900446B7A /* PBXContainerItemProxy */ = {
			isa = PBXContainerItemProxy;
			containerPortal = E5897F001C6F522800446B7A /* MBProgressHUD.xcodeproj */;
			proxyType = 2;
			remoteGlobalIDString = D286A7491518C70F00E13FB8;
			remoteInfo = "MBProgressHUD Static Library";
		};
		E5897F071C6F522900446B7A /* PBXContainerItemProxy */ = {
			isa = PBXContainerItemProxy;
			containerPortal = E5897F001C6F522800446B7A /* MBProgressHUD.xcodeproj */;
			proxyType = 2;
			remoteGlobalIDString = 1D104D7A1ACA36CC00973364;
			remoteInfo = "MBProgressHUD Framework";
		};
/* End PBXContainerItemProxy section */

/* Begin PBXFileReference section */
		AA5B3E671C6662010090501F /* AppViewController.h */ = {isa = PBXFileReference; fileEncoding = 4; lastKnownFileType = sourcecode.c.h; path = AppViewController.h; sourceTree = "<group>"; };
		AA5B3E681C6662010090501F /* AppViewController.m */ = {isa = PBXFileReference; fileEncoding = 4; lastKnownFileType = sourcecode.c.objc; path = AppViewController.m; sourceTree = "<group>"; };
		AA7608EC1C662B1600A512BD /* Lesson15.app */ = {isa = PBXFileReference; explicitFileType = wrapper.application; includeInIndex = 0; path = Lesson15.app; sourceTree = BUILT_PRODUCTS_DIR; };
		AA7608F01C662B1600A512BD /* main.m */ = {isa = PBXFileReference; lastKnownFileType = sourcecode.c.objc; path = main.m; sourceTree = "<group>"; };
		AA7608F21C662B1600A512BD /* AppDelegate.h */ = {isa = PBXFileReference; lastKnownFileType = sourcecode.c.h; path = AppDelegate.h; sourceTree = "<group>"; };
		AA7608F31C662B1600A512BD /* AppDelegate.m */ = {isa = PBXFileReference; lastKnownFileType = sourcecode.c.objc; path = AppDelegate.m; sourceTree = "<group>"; };
		AA7608F51C662B1600A512BD /* LoginViewController.h */ = {isa = PBXFileReference; lastKnownFileType = sourcecode.c.h; path = LoginViewController.h; sourceTree = "<group>"; };
		AA7608F61C662B1600A512BD /* LoginViewController.m */ = {isa = PBXFileReference; lastKnownFileType = sourcecode.c.objc; path = LoginViewController.m; sourceTree = "<group>"; };
		AA7608F91C662B1600A512BD /* Base */ = {isa = PBXFileReference; lastKnownFileType = file.storyboard; name = Base; path = Base.lproj/Main.storyboard; sourceTree = "<group>"; };
		AA7608FB1C662B1600A512BD /* Assets.xcassets */ = {isa = PBXFileReference; lastKnownFileType = folder.assetcatalog; path = Assets.xcassets; sourceTree = "<group>"; };
		AA7608FE1C662B1600A512BD /* Base */ = {isa = PBXFileReference; lastKnownFileType = file.storyboard; name = Base; path = Base.lproj/LaunchScreen.storyboard; sourceTree = "<group>"; };
		AA7609001C662B1600A512BD /* Info.plist */ = {isa = PBXFileReference; lastKnownFileType = text.plist.xml; path = Info.plist; sourceTree = "<group>"; };
		AA7609061C66342800A512BD /* NetManager.h */ = {isa = PBXFileReference; fileEncoding = 4; lastKnownFileType = sourcecode.c.h; path = NetManager.h; sourceTree = "<group>"; };
		AA7609071C66342800A512BD /* NetManager.m */ = {isa = PBXFileReference; fileEncoding = 4; lastKnownFileType = sourcecode.c.objc; path = NetManager.m; sourceTree = "<group>"; };
		E5897F001C6F522800446B7A /* MBProgressHUD.xcodeproj */ = {isa = PBXFileReference; lastKnownFileType = "wrapper.pb-project"; name = MBProgressHUD.xcodeproj; path = MBProgressHUD/MBProgressHUD.xcodeproj; sourceTree = "<group>"; };
		E5897F0E1C6FADD000446B7A /* TableViewController.h */ = {isa = PBXFileReference; fileEncoding = 4; lastKnownFileType = sourcecode.c.h; path = TableViewController.h; sourceTree = "<group>"; };
		E5897F0F1C6FADD000446B7A /* TableViewController.m */ = {isa = PBXFileReference; fileEncoding = 4; lastKnownFileType = sourcecode.c.objc; path = TableViewController.m; sourceTree = "<group>"; };
/* End PBXFileReference section */

/* Begin PBXFrameworksBuildPhase section */
		AA7608E91C662B1600A512BD /* Frameworks */ = {
			isa = PBXFrameworksBuildPhase;
			buildActionMask = 2147483647;
			files = (
				E5897F0D1C6F52B800446B7A /* libMBProgressHUD.a in Frameworks */,
			);
			runOnlyForDeploymentPostprocessing = 0;
		};
/* End PBXFrameworksBuildPhase section */

/* Begin PBXGroup section */
		AA7608E31C662B1600A512BD = {
			isa = PBXGroup;
			children = (
				E5897F001C6F522800446B7A /* MBProgressHUD.xcodeproj */,
				AA7608EE1C662B1600A512BD /* Lesson15 */,
				AA7608ED1C662B1600A512BD /* Products */,
			);
			sourceTree = "<group>";
		};
		AA7608ED1C662B1600A512BD /* Products */ = {
			isa = PBXGroup;
			children = (
				AA7608EC1C662B1600A512BD /* Lesson15.app */,
			);
			name = Products;
			sourceTree = "<group>";
		};
		AA7608EE1C662B1600A512BD /* Lesson15 */ = {
			isa = PBXGroup;
			children = (
				AA7608F21C662B1600A512BD /* AppDelegate.h */,
				AA7608F31C662B1600A512BD /* AppDelegate.m */,
				AA7608F51C662B1600A512BD /* LoginViewController.h */,
				AA7608F61C662B1600A512BD /* LoginViewController.m */,
				AA7608F81C662B1600A512BD /* Main.storyboard */,
				AA7608FB1C662B1600A512BD /* Assets.xcassets */,
				AA7608FD1C662B1600A512BD /* LaunchScreen.storyboard */,
				AA7609001C662B1600A512BD /* Info.plist */,
				AA7608EF1C662B1600A512BD /* Supporting Files */,
				AA7609061C66342800A512BD /* NetManager.h */,
				AA7609071C66342800A512BD /* NetManager.m */,
				AA5B3E671C6662010090501F /* AppViewController.h */,
				AA5B3E681C6662010090501F /* AppViewController.m */,
				E5897F0E1C6FADD000446B7A /* TableViewController.h */,
				E5897F0F1C6FADD000446B7A /* TableViewController.m */,
			);
			path = Lesson15;
			sourceTree = "<group>";
		};
		AA7608EF1C662B1600A512BD /* Supporting Files */ = {
			isa = PBXGroup;
			children = (
				AA7608F01C662B1600A512BD /* main.m */,
			);
			name = "Supporting Files";
			sourceTree = "<group>";
		};
		E5897F011C6F522800446B7A /* Products */ = {
			isa = PBXGroup;
			children = (
				E5897F061C6F522900446B7A /* libMBProgressHUD.a */,
				E5897F081C6F522900446B7A /* MBProgressHUD.framework */,
			);
			name = Products;
			sourceTree = "<group>";
		};
/* End PBXGroup section */

/* Begin PBXNativeTarget section */
		AA7608EB1C662B1600A512BD /* Lesson15 */ = {
			isa = PBXNativeTarget;
			buildConfigurationList = AA7609031C662B1600A512BD /* Build configuration list for PBXNativeTarget "Lesson15" */;
			buildPhases = (
				AA7608E81C662B1600A512BD /* Sources */,
				AA7608E91C662B1600A512BD /* Frameworks */,
				AA7608EA1C662B1600A512BD /* Resources */,
			);
			buildRules = (
			);
			dependencies = (
			);
			name = Lesson15;
			productName = Lesson15;
			productReference = AA7608EC1C662B1600A512BD /* Lesson15.app */;
			productType = "com.apple.product-type.application";
		};
/* End PBXNativeTarget section */

/* Begin PBXProject section */
		AA7608E41C662B1600A512BD /* Project object */ = {
			isa = PBXProject;
			attributes = {
				LastUpgradeCheck = 0720;
				ORGANIZATIONNAME = "Azat Almeev";
				TargetAttributes = {
					AA7608EB1C662B1600A512BD = {
						CreatedOnToolsVersion = 7.2;
						DevelopmentTeam = A79VLAQLBP;
					};
				};
			};
			buildConfigurationList = AA7608E71C662B1600A512BD /* Build configuration list for PBXProject "Lesson15" */;
			compatibilityVersion = "Xcode 3.2";
			developmentRegion = English;
			hasScannedForEncodings = 0;
			knownRegions = (
				en,
				Base,
			);
			mainGroup = AA7608E31C662B1600A512BD;
			productRefGroup = AA7608ED1C662B1600A512BD /* Products */;
			projectDirPath = "";
			projectReferences = (
				{
					ProductGroup = E5897F011C6F522800446B7A /* Products */;
					ProjectRef = E5897F001C6F522800446B7A /* MBProgressHUD.xcodeproj */;
				},
			);
			projectRoot = "";
			targets = (
				AA7608EB1C662B1600A512BD /* Lesson15 */,
			);
		};
/* End PBXProject section */

/* Begin PBXReferenceProxy section */
		E5897F061C6F522900446B7A /* libMBProgressHUD.a */ = {
			isa = PBXReferenceProxy;
			fileType = archive.ar;
			path = libMBProgressHUD.a;
			remoteRef = E5897F051C6F522900446B7A /* PBXContainerItemProxy */;
			sourceTree = BUILT_PRODUCTS_DIR;
		};
		E5897F081C6F522900446B7A /* MBProgressHUD.framework */ = {
			isa = PBXReferenceProxy;
			fileType = wrapper.framework;
			path = MBProgressHUD.framework;
			remoteRef = E5897F071C6F522900446B7A /* PBXContainerItemProxy */;
			sourceTree = BUILT_PRODUCTS_DIR;
		};
/* End PBXReferenceProxy section */

/* Begin PBXResourcesBuildPhase section */
		AA7608EA1C662B1600A512BD /* Resources */ = {
			isa = PBXResourcesBuildPhase;
			buildActionMask = 2147483647;
			files = (
				AA7608FF1C662B1600A512BD /* LaunchScreen.storyboard in Resources */,
				AA7608FC1C662B1600A512BD /* Assets.xcassets in Resources */,
				AA7608FA1C662B1600A512BD /* Main.storyboard in Resources */,
			);
			runOnlyForDeploymentPostprocessing = 0;
		};
/* End PBXResourcesBuildPhase section */

/* Begin PBXSourcesBuildPhase section */
		AA7608E81C662B1600A512BD /* Sources */ = {
			isa = PBXSourcesBuildPhase;
			buildActionMask = 2147483647;
			files = (
				AA5B3E691C6662010090501F /* AppViewController.m in Sources */,
				E5897F101C6FADD000446B7A /* TableViewController.m in Sources */,
				AA7608F71C662B1600A512BD /* LoginViewController.m in Sources */,
				AA7609081C66342800A512BD /* NetManager.m in Sources */,
				AA7608F41C662B1600A512BD /* AppDelegate.m in Sources */,
				AA7608F11C662B1600A512BD /* main.m in Sources */,
			);
			runOnlyForDeploymentPostprocessing = 0;
		};
/* End PBXSourcesBuildPhase section */

/* Begin PBXVariantGroup section */
		AA7608F81C662B1600A512BD /* Main.storyboard */ = {
			isa = PBXVariantGroup;
			children = (
				AA7608F91C662B1600A512BD /* Base */,
			);
			name = Main.storyboard;
			sourceTree = "<group>";
		};
		AA7608FD1C662B1600A512BD /* LaunchScreen.storyboard */ = {
			isa = PBXVariantGroup;
			children = (
				AA7608FE1C662B1600A512BD /* Base */,
			);
			name = LaunchScreen.storyboard;
			sourceTree = "<group>";
		};
/* End PBXVariantGroup section */

/* Begin XCBuildConfiguration section */
		AA7609011C662B1600A512BD /* Debug */ = {
			isa = XCBuildConfiguration;
			buildSettings = {
				ALWAYS_SEARCH_USER_PATHS = NO;
				CLANG_CXX_LANGUAGE_STANDARD = "gnu++0x";
				CLANG_CXX_LIBRARY = "libc++";
				CLANG_ENABLE_MODULES = YES;
				CLANG_ENABLE_OBJC_ARC = YES;
				CLANG_WARN_BOOL_CONVERSION = YES;
				CLANG_WARN_CONSTANT_CONVERSION = YES;
				CLANG_WARN_DIRECT_OBJC_ISA_USAGE = YES_ERROR;
				CLANG_WARN_EMPTY_BODY = YES;
				CLANG_WARN_ENUM_CONVERSION = YES;
				CLANG_WARN_INT_CONVERSION = YES;
				CLANG_WARN_OBJC_ROOT_CLASS = YES_ERROR;
				CLANG_WARN_UNREACHABLE_CODE = YES;
				CLANG_WARN__DUPLICATE_METHOD_MATCH = YES;
				"CODE_SIGN_IDENTITY[sdk=iphoneos*]" = "iPhone Developer";
				COPY_PHASE_STRIP = NO;
				DEBUG_INFORMATION_FORMAT = dwarf;
				ENABLE_STRICT_OBJC_MSGSEND = YES;
				ENABLE_TESTABILITY = YES;
				GCC_C_LANGUAGE_STANDARD = gnu99;
				GCC_DYNAMIC_NO_PIC = NO;
				GCC_NO_COMMON_BLOCKS = YES;
				GCC_OPTIMIZATION_LEVEL = 0;
				GCC_PREPROCESSOR_DEFINITIONS = (
					"DEBUG=1",
					"$(inherited)",
				);
				GCC_WARN_64_TO_32_BIT_CONVERSION = YES;
				GCC_WARN_ABOUT_RETURN_TYPE = YES_ERROR;
				GCC_WARN_UNDECLARED_SELECTOR = YES;
				GCC_WARN_UNINITIALIZED_AUTOS = YES_AGGRESSIVE;
				GCC_WARN_UNUSED_FUNCTION = YES;
				GCC_WARN_UNUSED_VARIABLE = YES;
				IPHONEOS_DEPLOYMENT_TARGET = 9.2;
				MTL_ENABLE_DEBUG_INFO = YES;
				ONLY_ACTIVE_ARCH = YES;
				SDKROOT = iphoneos;
				TARGETED_DEVICE_FAMILY = "1,2";
			};
			name = Debug;
		};
		AA7609021C662B1600A512BD /* Release */ = {
			isa = XCBuildConfiguration;
			buildSettings = {
				ALWAYS_SEARCH_USER_PATHS = NO;
				CLANG_CXX_LANGUAGE_STANDARD = "gnu++0x";
				CLANG_CXX_LIBRARY = "libc++";
				CLANG_ENABLE_MODULES = YES;
				CLANG_ENABLE_OBJC_ARC = YES;
				CLANG_WARN_BOOL_CONVERSION = YES;
				CLANG_WARN_CONSTANT_CONVERSION = YES;
				CLANG_WARN_DIRECT_OBJC_ISA_USAGE = YES_ERROR;
				CLANG_WARN_EMPTY_BODY = YES;
				CLANG_WARN_ENUM_CONVERSION = YES;
				CLANG_WARN_INT_CONVERSION = YES;
				CLANG_WARN_OBJC_ROOT_CLASS = YES_ERROR;
				CLANG_WARN_UNREACHABLE_CODE = YES;
				CLANG_WARN__DUPLICATE_METHOD_MATCH = YES;
				"CODE_SIGN_IDENTITY[sdk=iphoneos*]" = "iPhone Developer";
				COPY_PHASE_STRIP = NO;
				DEBUG_INFORMATION_FORMAT = "dwarf-with-dsym";
				ENABLE_NS_ASSERTIONS = NO;
				ENABLE_STRICT_OBJC_MSGSEND = YES;
				GCC_C_LANGUAGE_STANDARD = gnu99;
				GCC_NO_COMMON_BLOCKS = YES;
				GCC_WARN_64_TO_32_BIT_CONVERSION = YES;
				GCC_WARN_ABOUT_RETURN_TYPE = YES_ERROR;
				GCC_WARN_UNDECLARED_SELECTOR = YES;
				GCC_WARN_UNINITIALIZED_AUTOS = YES_AGGRESSIVE;
				GCC_WARN_UNUSED_FUNCTION = YES;
				GCC_WARN_UNUSED_VARIABLE = YES;
				IPHONEOS_DEPLOYMENT_TARGET = 9.2;
				MTL_ENABLE_DEBUG_INFO = NO;
				SDKROOT = iphoneos;
				TARGETED_DEVICE_FAMILY = "1,2";
				VALIDATE_PRODUCT = YES;
			};
			name = Release;
		};
		AA7609041C662B1600A512BD /* Debug */ = {
			isa = XCBuildConfiguration;
			buildSettings = {
				ASSETCATALOG_COMPILER_APPICON_NAME = AppIcon;
				CODE_SIGN_IDENTITY = "iPhone Developer";
				"CODE_SIGN_IDENTITY[sdk=iphoneos*]" = "iPhone Developer";
				INFOPLIST_FILE = Lesson15/Info.plist;
				LD_RUNPATH_SEARCH_PATHS = "$(inherited) @executable_path/Frameworks";
				PRODUCT_BUNDLE_IDENTIFIER = ru.azatalmeev.Lesson15;
				PRODUCT_NAME = "$(TARGET_NAME)";
				PROVISIONING_PROFILE = "";
			};
			name = Debug;
		};
		AA7609051C662B1600A512BD /* Release */ = {
			isa = XCBuildConfiguration;
			buildSettings = {
				ASSETCATALOG_COMPILER_APPICON_NAME = AppIcon;
				CODE_SIGN_IDENTITY = "iPhone Developer";
				"CODE_SIGN_IDENTITY[sdk=iphoneos*]" = "iPhone Developer";
				INFOPLIST_FILE = Lesson15/Info.plist;
				LD_RUNPATH_SEARCH_PATHS = "$(inherited) @executable_path/Frameworks";
				PRODUCT_BUNDLE_IDENTIFIER = ru.azatalmeev.Lesson15;
				PRODUCT_NAME = "$(TARGET_NAME)";
				PROVISIONING_PROFILE = "";
			};
			name = Release;
		};
/* End XCBuildConfiguration section */

/* Begin XCConfigurationList section */
		AA7608E71C662B1600A512BD /* Build configuration list for PBXProject "Lesson15" */ = {
			isa = XCConfigurationList;
			buildConfigurations = (
				AA7609011C662B1600A512BD /* Debug */,
				AA7609021C662B1600A512BD /* Release */,
			);
			defaultConfigurationIsVisible = 0;
			defaultConfigurationName = Release;
		};
		AA7609031C662B1600A512BD /* Build configuration list for PBXNativeTarget "Lesson15" */ = {
			isa = XCConfigurationList;
			buildConfigurations = (
				AA7609041C662B1600A512BD /* Debug */,
				AA7609051C662B1600A512BD /* Release */,
			);
			defaultConfigurationIsVisible = 0;
			defaultConfigurationName = Release;
		};
/* End XCConfigurationList section */
	};
	rootObject = AA7608E41C662B1600A512BD /* Project object */;
}
